
Microsoft Visual Studio Solution File, Format Version 12.00
# Visual Studio Version 17
VisualStudioVersion = 17.5.33627.172
MinimumVisualStudioVersion = 10.0.40219.1
Project("{FAE04EC0-301F-11D3-BF4B-00C04F79EFBC}") = "BlazorChangeEventArgs", "BlazorChangeEventArgs\BlazorChangeEventArgs.csproj", "{69DCA403-1E99-40EC-9BD9-605395412A66}"
EndProject
Global
	GlobalSection(SolutionConfigurationPlatforms) = preSolution
		Debug|Any CPU = Debug|Any CPU
		Release|Any CPU = Release|Any CPU
	EndGlobalSection
	GlobalSection(ProjectConfigurationPlatforms) = postSolution
		{69DCA403-1E99-40EC-9BD9-605395412A66}.Debug|Any CPU.ActiveCfg = Debug|Any CPU
		{69DCA403-1E99-40EC-9BD9-605395412A66}.Debug|Any CPU.Build.0 = Debug|Any CPU
		{69DCA403-1E99-40EC-9BD9-605395412A66}.Release|Any CPU.ActiveCfg = Release|Any CPU
		{69DCA403-1E99-40EC-9BD9-605395412A66}.Release|Any CPU.Build.0 = Release|Any CPU
	EndGlobalSection
	GlobalSection(SolutionProperties) = preSolution
		HideSolutionNode = FALSE
	EndGlobalSection
	GlobalSection(ExtensibilityGlobals) = postSolution
		SolutionGuid = {CE6DDF94-442C-47D6-BE87-6A9E899CEA7E}
	EndGlobalSection
EndGlobal
